# This file was autogenerated by Stack.
# You should not edit this file by hand.
# For more information, please see the documentation at:
#   https://docs.haskellstack.org/en/stable/lock_files

packages:
- completed:
    name: aws-lambda-haskell-runtime
    version: 4.0.0
    git: https://github.com/dnikolovv/aws-lambda-haskell-runtime.git
    pantry-tree:
      size: 3486
      sha256: 4158e66ca567307a37a955f4c377c85e4646ad2cff1cabba2de52da59c000199
    commit: 3a9d26dee8a39fdbe7bd26bc0ec058f904cdf828
  original:
    git: https://github.com/dnikolovv/aws-lambda-haskell-runtime.git
    commit: 3a9d26dee8a39fdbe7bd26bc0ec058f904cdf828
- completed:
    hackage: stripe-core-2.6.2@sha256:a10348a17d961df1c04d27319496d75542506e4b55979f982a81d0b3fee55cd3,2846
    pantry-tree:
      size: 1831
      sha256: 3a693c6d8f30acd5106912f683724327f26ba061ce1d4fbfd8ef19ced7ff79ab
  original:
    hackage: stripe-core-2.6.2@sha256:a10348a17d961df1c04d27319496d75542506e4b55979f982a81d0b3fee55cd3,2846
- completed:
    hackage: stripe-http-client-2.6.2@sha256:fdcdb784bb54ecf62a6bf4d2e2d09c42b3300d4a671ba5f8e3081c2f3e4f19df,1935
    pantry-tree:
      size: 292
      sha256: 62ec31b16fb5373ac557112be111bdfd9a79c15362ac67ff76af4d41ac8ce90a
  original:
    hackage: stripe-http-client-2.6.2@sha256:fdcdb784bb54ecf62a6bf4d2e2d09c42b3300d4a671ba5f8e3081c2f3e4f19df,1935
- completed:
    hackage: stripe-haskell-2.6.2@sha256:4ad015702e65b3219b9f2db10b8ae35873254a149f7b735c5d3e6250d7b641a1,1130
    pantry-tree:
      size: 380
      sha256: a4fee4fa9fe013b73b98a2b8612495a96310c004bcea4af3df3ba72945f9e9e9
  original:
    hackage: stripe-haskell-2.6.2@sha256:4ad015702e65b3219b9f2db10b8ae35873254a149f7b735c5d3e6250d7b641a1,1130
snapshots:
- completed:
    size: 534126
    url: https://raw.githubusercontent.com/commercialhaskell/stackage-snapshots/master/lts/16/31.yaml
    sha256: 637fb77049b25560622a224845b7acfe81a09fdb6a96a3c75997a10b651667f6
  original: lts-16.31
